
Microsoft Visual Studio Solution File, Format Version 12.00
# Visual Studio 14
VisualStudioVersion = 14.0.25420.1
MinimumVisualStudioVersion = 10.0.40219.1
Project("{FAE04EC0-301F-11D3-BF4B-00C04F79EFBC}") = "01. Hello, Name!", "Methods and Debugging\01. Hello, Name!.csproj", "{47C5792D-D74C-429C-AEA9-FAB718E5E47B}"
EndProject
Project("{FAE04EC0-301F-11D3-BF4B-00C04F79EFBC}") = "02. Max Method", "New Problem1\02. Max Method.csproj", "{725E0D4A-FB33-4276-B101-96EAD94E3AFD}"
EndProject
Project("{FAE04EC0-301F-11D3-BF4B-00C04F79EFBC}") = "03. English Name of Last Digit", "New Problem2\03. English Name of Last Digit.csproj", "{FE16A542-D878-4C57-BEDF-4266E0CB00D2}"
EndProject
Project("{FAE04EC0-301F-11D3-BF4B-00C04F79EFBC}") = "04. Numbers in Reversed Order", "04. Numbers in Reversed Order\04. Numbers in Reversed Order.csproj", "{3AFEF46E-9FEB-4464-B161-8F3F88EC83D9}"
EndProject
Project("{FAE04EC0-301F-11D3-BF4B-00C04F79EFBC}") = "05. Fibonacci Numbers", "05. Fibonacci Numbers\05. Fibonacci Numbers.csproj", "{43D75EF7-E08E-4153-913C-95C8B3C8C9F3}"
EndProject
Project("{FAE04EC0-301F-11D3-BF4B-00C04F79EFBC}") = "06. Prime Checker", "06. Prime Checker\06. Prime Checker.csproj", "{3D524AA9-289E-4086-8B9A-D7897239BDFF}"
EndProject
Project("{FAE04EC0-301F-11D3-BF4B-00C04F79EFBC}") = "07. Primes in a Given Range", "07. Primes in a Given Range\07. Primes in a Given Range.csproj", "{4711CEDA-DC1C-4DB1-A225-EB0BB066230F}"
EndProject
Project("{FAE04EC0-301F-11D3-BF4B-00C04F79EFBC}") = "08. Center Point", "08. Center Point\08. Center Point.csproj", "{669F85D6-AC48-41E5-929E-59ECFB5F768D}"
EndProject
Project("{FAE04EC0-301F-11D3-BF4B-00C04F79EFBC}") = "09. Longer Line", "09. Longer Line\09. Longer Line.csproj", "{196491F2-38E4-4A20-AB71-DE703327113D}"
EndProject
Project("{FAE04EC0-301F-11D3-BF4B-00C04F79EFBC}") = "New Problem3", "New Problem3\New Problem3.csproj", "{5697F9D5-B81B-4673-B5ED-CF67D8A3B781}"
EndProject
Project("{FAE04EC0-301F-11D3-BF4B-00C04F79EFBC}") = "10. Cube Properties", "10. Cube Properties\10. Cube Properties.csproj", "{4A01B433-6FDC-438C-8AAE-ED85B549F7E5}"
EndProject
Project("{FAE04EC0-301F-11D3-BF4B-00C04F79EFBC}") = "11. Geometry Calculator", "New Problem4\11. Geometry Calculator.csproj", "{0705F72F-348B-49B5-8EF0-7922110572F5}"
EndProject
Project("{FAE04EC0-301F-11D3-BF4B-00C04F79EFBC}") = "12. Master Number", "12. Master Number\12. Master Number.csproj", "{3B815EB3-0D2F-417E-8CBB-0F83C3F2498D}"
EndProject
Project("{FAE04EC0-301F-11D3-BF4B-00C04F79EFBC}") = "13. Factorial", "13. Factorial\13. Factorial.csproj", "{8BA8B7C1-7867-486A-A81E-1D88C26F7511}"
EndProject
Project("{FAE04EC0-301F-11D3-BF4B-00C04F79EFBC}") = "14. Factorial Trailing Zeros", "14. Factorial Trailing Zeros\14. Factorial Trailing Zeros.csproj", "{B17ADFD7-2BA8-4991-A0E0-39BC4667FDD4}"
EndProject
Global
	GlobalSection(SolutionConfigurationPlatforms) = preSolution
		Debug|Any CPU = Debug|Any CPU
		Release|Any CPU = Release|Any CPU
	EndGlobalSection
	GlobalSection(ProjectConfigurationPlatforms) = postSolution
		{47C5792D-D74C-429C-AEA9-FAB718E5E47B}.Debug|Any CPU.ActiveCfg = Debug|Any CPU
		{47C5792D-D74C-429C-AEA9-FAB718E5E47B}.Debug|Any CPU.Build.0 = Debug|Any CPU
		{47C5792D-D74C-429C-AEA9-FAB718E5E47B}.Release|Any CPU.ActiveCfg = Release|Any CPU
		{47C5792D-D74C-429C-AEA9-FAB718E5E47B}.Release|Any CPU.Build.0 = Release|Any CPU
		{725E0D4A-FB33-4276-B101-96EAD94E3AFD}.Debug|Any CPU.ActiveCfg = Debug|Any CPU
		{725E0D4A-FB33-4276-B101-96EAD94E3AFD}.Debug|Any CPU.Build.0 = Debug|Any CPU
		{725E0D4A-FB33-4276-B101-96EAD94E3AFD}.Release|Any CPU.ActiveCfg = Release|Any CPU
		{725E0D4A-FB33-4276-B101-96EAD94E3AFD}.Release|Any CPU.Build.0 = Release|Any CPU
		{FE16A542-D878-4C57-BEDF-4266E0CB00D2}.Debug|Any CPU.ActiveCfg = Debug|Any CPU
		{FE16A542-D878-4C57-BEDF-4266E0CB00D2}.Debug|Any CPU.Build.0 = Debug|Any CPU
		{FE16A542-D878-4C57-BEDF-4266E0CB00D2}.Release|Any CPU.ActiveCfg = Release|Any CPU
		{FE16A542-D878-4C57-BEDF-4266E0CB00D2}.Release|Any CPU.Build.0 = Release|Any CPU
		{3AFEF46E-9FEB-4464-B161-8F3F88EC83D9}.Debug|Any CPU.ActiveCfg = Debug|Any CPU
		{3AFEF46E-9FEB-4464-B161-8F3F88EC83D9}.Debug|Any CPU.Build.0 = Debug|Any CPU
		{3AFEF46E-9FEB-4464-B161-8F3F88EC83D9}.Release|Any CPU.ActiveCfg = Release|Any CPU
		{3AFEF46E-9FEB-4464-B161-8F3F88EC83D9}.Release|Any CPU.Build.0 = Release|Any CPU
		{43D75EF7-E08E-4153-913C-95C8B3C8C9F3}.Debug|Any CPU.ActiveCfg = Debug|Any CPU
		{43D75EF7-E08E-4153-913C-95C8B3C8C9F3}.Debug|Any CPU.Build.0 = Debug|Any CPU
		{43D75EF7-E08E-4153-913C-95C8B3C8C9F3}.Release|Any CPU.ActiveCfg = Release|Any CPU
		{43D75EF7-E08E-4153-913C-95C8B3C8C9F3}.Release|Any CPU.Build.0 = Release|Any CPU
		{3D524AA9-289E-4086-8B9A-D7897239BDFF}.Debug|Any CPU.ActiveCfg = Debug|Any CPU
		{3D524AA9-289E-4086-8B9A-D7897239BDFF}.Debug|Any CPU.Build.0 = Debug|Any CPU
		{3D524AA9-289E-4086-8B9A-D7897239BDFF}.Release|Any CPU.ActiveCfg = Release|Any CPU
		{3D524AA9-289E-4086-8B9A-D7897239BDFF}.Release|Any CPU.Build.0 = Release|Any CPU
		{4711CEDA-DC1C-4DB1-A225-EB0BB066230F}.Debug|Any CPU.ActiveCfg = Debug|Any CPU
		{4711CEDA-DC1C-4DB1-A225-EB0BB066230F}.Debug|Any CPU.Build.0 = Debug|Any CPU
		{4711CEDA-DC1C-4DB1-A225-EB0BB066230F}.Release|Any CPU.ActiveCfg = Release|Any CPU
		{4711CEDA-DC1C-4DB1-A225-EB0BB066230F}.Release|Any CPU.Build.0 = Release|Any CPU
		{669F85D6-AC48-41E5-929E-59ECFB5F768D}.Debug|Any CPU.ActiveCfg = Debug|Any CPU
		{669F85D6-AC48-41E5-929E-59ECFB5F768D}.Debug|Any CPU.Build.0 = Debug|Any CPU
		{669F85D6-AC48-41E5-929E-59ECFB5F768D}.Release|Any CPU.ActiveCfg = Release|Any CPU
		{669F85D6-AC48-41E5-929E-59ECFB5F768D}.Release|Any CPU.Build.0 = Release|Any CPU
		{196491F2-38E4-4A20-AB71-DE703327113D}.Debug|Any CPU.ActiveCfg = Debug|Any CPU
		{196491F2-38E4-4A20-AB71-DE703327113D}.Debug|Any CPU.Build.0 = Debug|Any CPU
		{196491F2-38E4-4A20-AB71-DE703327113D}.Release|Any CPU.ActiveCfg = Release|Any CPU
		{196491F2-38E4-4A20-AB71-DE703327113D}.Release|Any CPU.Build.0 = Release|Any CPU
		{5697F9D5-B81B-4673-B5ED-CF67D8A3B781}.Debug|Any CPU.ActiveCfg = Debug|Any CPU
		{5697F9D5-B81B-4673-B5ED-CF67D8A3B781}.Debug|Any CPU.Build.0 = Debug|Any CPU
		{5697F9D5-B81B-4673-B5ED-CF67D8A3B781}.Release|Any CPU.ActiveCfg = Release|Any CPU
		{5697F9D5-B81B-4673-B5ED-CF67D8A3B781}.Release|Any CPU.Build.0 = Release|Any CPU
		{4A01B433-6FDC-438C-8AAE-ED85B549F7E5}.Debug|Any CPU.ActiveCfg = Debug|Any CPU
		{4A01B433-6FDC-438C-8AAE-ED85B549F7E5}.Debug|Any CPU.Build.0 = Debug|Any CPU
		{4A01B433-6FDC-438C-8AAE-ED85B549F7E5}.Release|Any CPU.ActiveCfg = Release|Any CPU
		{4A01B433-6FDC-438C-8AAE-ED85B549F7E5}.Release|Any CPU.Build.0 = Release|Any CPU
		{0705F72F-348B-49B5-8EF0-7922110572F5}.Debug|Any CPU.ActiveCfg = Debug|Any CPU
		{0705F72F-348B-49B5-8EF0-7922110572F5}.Debug|Any CPU.Build.0 = Debug|Any CPU
		{0705F72F-348B-49B5-8EF0-7922110572F5}.Release|Any CPU.ActiveCfg = Release|Any CPU
		{0705F72F-348B-49B5-8EF0-7922110572F5}.Release|Any CPU.Build.0 = Release|Any CPU
		{3B815EB3-0D2F-417E-8CBB-0F83C3F2498D}.Debug|Any CPU.ActiveCfg = Debug|Any CPU
		{3B815EB3-0D2F-417E-8CBB-0F83C3F2498D}.Debug|Any CPU.Build.0 = Debug|Any CPU
		{3B815EB3-0D2F-417E-8CBB-0F83C3F2498D}.Release|Any CPU.ActiveCfg = Release|Any CPU
		{3B815EB3-0D2F-417E-8CBB-0F83C3F2498D}.Release|Any CPU.Build.0 = Release|Any CPU
		{8BA8B7C1-7867-486A-A81E-1D88C26F7511}.Debug|Any CPU.ActiveCfg = Debug|Any CPU
		{8BA8B7C1-7867-486A-A81E-1D88C26F7511}.Debug|Any CPU.Build.0 = Debug|Any CPU
		{8BA8B7C1-7867-486A-A81E-1D88C26F7511}.Release|Any CPU.ActiveCfg = Release|Any CPU
		{8BA8B7C1-7867-486A-A81E-1D88C26F7511}.Release|Any CPU.Build.0 = Release|Any CPU
		{B17ADFD7-2BA8-4991-A0E0-39BC4667FDD4}.Debug|Any CPU.ActiveCfg = Debug|Any CPU
		{B17ADFD7-2BA8-4991-A0E0-39BC4667FDD4}.Debug|Any CPU.Build.0 = Debug|Any CPU
		{B17ADFD7-2BA8-4991-A0E0-39BC4667FDD4}.Release|Any CPU.ActiveCfg = Release|Any CPU
		{B17ADFD7-2BA8-4991-A0E0-39BC4667FDD4}.Release|Any CPU.Build.0 = Release|Any CPU
	EndGlobalSection
	GlobalSection(SolutionProperties) = preSolution
		HideSolutionNode = FALSE
	EndGlobalSection
EndGlobal
